
Microsoft Visual Studio Solution File, Format Version 12.00
# Visual Studio 2012
Project("{FAE04EC0-301F-11D3-BF4B-00C04F79EFBC}") = "OpenQ", "OpenQ\OpenQ.csproj", "{DEA5CACF-210B-4D42-9D4C-1704460F3F16}"
EndProject
Project("{2150E333-8FDC-42A3-9474-1A3956D46DE8}") = "Solution Items", "Solution Items", "{C4E4E406-675B-489F-B284-383CAEA8DC4D}"
	ProjectSection(SolutionItems) = preProject
		LICENSE.md = LICENSE.md
		README.md = README.md
	EndProjectSection
EndProject
Global
	GlobalSection(SolutionConfigurationPlatforms) = preSolution
		Debug|Any CPU = Debug|Any CPU
		Release|Any CPU = Release|Any CPU
	EndGlobalSection
	GlobalSection(ProjectConfigurationPlatforms) = postSolution
		{DEA5CACF-210B-4D42-9D4C-1704460F3F16}.Debug|Any CPU.ActiveCfg = Debug|Any CPU
		{DEA5CACF-210B-4D42-9D4C-1704460F3F16}.Debug|Any CPU.Build.0 = Debug|Any CPU
		{DEA5CACF-210B-4D42-9D4C-1704460F3F16}.Release|Any CPU.ActiveCfg = Release|Any CPU
		{DEA5CACF-210B-4D42-9D4C-1704460F3F16}.Release|Any CPU.Build.0 = Release|Any CPU
	EndGlobalSection
	GlobalSection(SolutionProperties) = preSolution
		HideSolutionNode = FALSE
	EndGlobalSection
EndGlobal
